// !$*UTF8*$!
{
	archiveVersion = 1;
	classes = {
	};
	objectVersion = 56;
	objects = {

/* Begin PBXBuildFile section */
		1ED1DBF12BC43D2A00980E47 /* TokenManagerApp.swift in Sources */ = {isa = PBXBuildFile; fileRef = 1ED1DBF02BC43D2A00980E47 /* TokenManagerApp.swift */; };
		1ED1DBF32BC43D2A00980E47 /* ContentView.swift in Sources */ = {isa = PBXBuildFile; fileRef = 1ED1DBF22BC43D2A00980E47 /* ContentView.swift */; };
		1ED1DBF52BC43D2C00980E47 /* Assets.xcassets in Resources */ = {isa = PBXBuildFile; fileRef = 1ED1DBF42BC43D2C00980E47 /* Assets.xcassets */; };
		1ED1DBF82BC43D2C00980E47 /* Preview Assets.xcassets in Resources */ = {isa = PBXBuildFile; fileRef = 1ED1DBF72BC43D2C00980E47 /* Preview Assets.xcassets */; };
		1ED1DBFF2BC43D9000980E47 /* TokenManager.swift in Sources */ = {isa = PBXBuildFile; fileRef = 1ED1DBFE2BC43D9000980E47 /* TokenManager.swift */; };
		1ED1DC012BC43DA400980E47 /* OAuth2.swift in Sources */ = {isa = PBXBuildFile; fileRef = 1ED1DC002BC43DA300980E47 /* OAuth2.swift */; };
		1ED1DC032BC43DB300980E47 /* Keychain.swift in Sources */ = {isa = PBXBuildFile; fileRef = 1ED1DC022BC43DB300980E47 /* Keychain.swift */; };
		1ED1DC052BC43DC900980E47 /* AccessTokenView.swift in Sources */ = {isa = PBXBuildFile; fileRef = 1ED1DC042BC43DC900980E47 /* AccessTokenView.swift */; };
		1ED1DC072BC43DD900980E47 /* RefreshTokenView.swift in Sources */ = {isa = PBXBuildFile; fileRef = 1ED1DC062BC43DD900980E47 /* RefreshTokenView.swift */; };
		1ED1DC0A2BC43E0600980E47 /* WebView.swift in Sources */ = {isa = PBXBuildFile; fileRef = 1ED1DC092BC43E0600980E47 /* WebView.swift */; };
		1ED1DC0C2BC43E4500980E47 /* README.md in Resources */ = {isa = PBXBuildFile; fileRef = 1ED1DC0B2BC43E4500980E47 /* README.md */; };
		2EAC2C81B196AF81F6BDC9A3 /* Pods_TokenManager.framework in Frameworks */ = {isa = PBXBuildFile; fileRef = DF0028732A1B6EDACDE42523 /* Pods_TokenManager.framework */; };
/* End PBXBuildFile section */

/* Begin PBXFileReference section */
		0463D6907008B5E25174A16E /* Pods-TokenManager.debug.xcconfig */ = {isa = PBXFileReference; includeInIndex = 1; lastKnownFileType = text.xcconfig; name = "Pods-TokenManager.debug.xcconfig"; path = "Target Support Files/Pods-TokenManager/Pods-TokenManager.debug.xcconfig"; sourceTree = "<group>"; };
		1ED1DBED2BC43D2A00980E47 /* TokenManager.app */ = {isa = PBXFileReference; explicitFileType = wrapper.application; includeInIndex = 0; path = TokenManager.app; sourceTree = BUILT_PRODUCTS_DIR; };
		1ED1DBF02BC43D2A00980E47 /* TokenManagerApp.swift */ = {isa = PBXFileReference; lastKnownFileType = sourcecode.swift; path = TokenManagerApp.swift; sourceTree = "<group>"; };
		1ED1DBF22BC43D2A00980E47 /* ContentView.swift */ = {isa = PBXFileReference; lastKnownFileType = sourcecode.swift; path = ContentView.swift; sourceTree = "<group>"; };
		1ED1DBF42BC43D2C00980E47 /* Assets.xcassets */ = {isa = PBXFileReference; lastKnownFileType = folder.assetcatalog; path = Assets.xcassets; sourceTree = "<group>"; };
		1ED1DBF72BC43D2C00980E47 /* Preview Assets.xcassets */ = {isa = PBXFileReference; lastKnownFileType = folder.assetcatalog; path = "Preview Assets.xcassets"; sourceTree = "<group>"; };
		1ED1DBFE2BC43D9000980E47 /* TokenManager.swift */ = {isa = PBXFileReference; lastKnownFileType = sourcecode.swift; path = TokenManager.swift; sourceTree = "<group>"; };
		1ED1DC002BC43DA300980E47 /* OAuth2.swift */ = {isa = PBXFileReference; lastKnownFileType = sourcecode.swift; path = OAuth2.swift; sourceTree = "<group>"; };
		1ED1DC022BC43DB300980E47 /* Keychain.swift */ = {isa = PBXFileReference; lastKnownFileType = sourcecode.swift; path = Keychain.swift; sourceTree = "<group>"; };
		1ED1DC042BC43DC900980E47 /* AccessTokenView.swift */ = {isa = PBXFileReference; lastKnownFileType = sourcecode.swift; path = AccessTokenView.swift; sourceTree = "<group>"; };
		1ED1DC062BC43DD900980E47 /* RefreshTokenView.swift */ = {isa = PBXFileReference; lastKnownFileType = sourcecode.swift; path = RefreshTokenView.swift; sourceTree = "<group>"; };
		1ED1DC082BC43DF400980E47 /* Info.plist */ = {isa = PBXFileReference; lastKnownFileType = text.plist; path = Info.plist; sourceTree = "<group>"; };
		1ED1DC092BC43E0600980E47 /* WebView.swift */ = {isa = PBXFileReference; lastKnownFileType = sourcecode.swift; path = WebView.swift; sourceTree = "<group>"; };
		1ED1DC0B2BC43E4500980E47 /* README.md */ = {isa = PBXFileReference; fileEncoding = 4; lastKnownFileType = net.daringfireball.markdown; path = README.md; sourceTree = "<group>"; };
		3A1C273BEAFA0439B07EE75C /* Pods-TokenManager.release.xcconfig */ = {isa = PBXFileReference; includeInIndex = 1; lastKnownFileType = text.xcconfig; name = "Pods-TokenManager.release.xcconfig"; path = "Target Support Files/Pods-TokenManager/Pods-TokenManager.release.xcconfig"; sourceTree = "<group>"; };
		DF0028732A1B6EDACDE42523 /* Pods_TokenManager.framework */ = {isa = PBXFileReference; explicitFileType = wrapper.framework; includeInIndex = 0; path = Pods_TokenManager.framework; sourceTree = BUILT_PRODUCTS_DIR; };
/* End PBXFileReference section */

/* Begin PBXFrameworksBuildPhase section */
		1ED1DBEA2BC43D2A00980E47 /* Frameworks */ = {
			isa = PBXFrameworksBuildPhase;
			buildActionMask = 2147483647;
			files = (
				2EAC2C81B196AF81F6BDC9A3 /* Pods_TokenManager.framework in Frameworks */,
			);
			runOnlyForDeploymentPostprocessing = 0;
		};
/* End PBXFrameworksBuildPhase section */

/* Begin PBXGroup section */
		1ED1DBE42BC43D2A00980E47 = {
			isa = PBXGroup;
			children = (
				1ED1DC0B2BC43E4500980E47 /* README.md */,
				1ED1DBEF2BC43D2A00980E47 /* TokenManager */,
				1ED1DBEE2BC43D2A00980E47 /* Products */,
				510F2237231475A04515B0F2 /* Pods */,
				A720783527151BA65E7001B5 /* Frameworks */,
			);
			sourceTree = "<group>";
		};
		1ED1DBEE2BC43D2A00980E47 /* Products */ = {
			isa = PBXGroup;
			children = (
				1ED1DBED2BC43D2A00980E47 /* TokenManager.app */,
			);
			name = Products;
			sourceTree = "<group>";
		};
		1ED1DBEF2BC43D2A00980E47 /* TokenManager */ = {
			isa = PBXGroup;
			children = (
				1ED1DC082BC43DF400980E47 /* Info.plist */,
				1ED1DBF02BC43D2A00980E47 /* TokenManagerApp.swift */,
				1ED1DBF22BC43D2A00980E47 /* ContentView.swift */,
				1ED1DBFE2BC43D9000980E47 /* TokenManager.swift */,
				1ED1DC002BC43DA300980E47 /* OAuth2.swift */,
				1ED1DC022BC43DB300980E47 /* Keychain.swift */,
				1ED1DC042BC43DC900980E47 /* AccessTokenView.swift */,
				1ED1DC062BC43DD900980E47 /* RefreshTokenView.swift */,
				1ED1DC092BC43E0600980E47 /* WebView.swift */,
				1ED1DBF42BC43D2C00980E47 /* Assets.xcassets */,
				1ED1DBF62BC43D2C00980E47 /* Preview Content */,
			);
			path = TokenManager;
			sourceTree = "<group>";
		};
		1ED1DBF62BC43D2C00980E47 /* Preview Content */ = {
			isa = PBXGroup;
			children = (
				1ED1DBF72BC43D2C00980E47 /* Preview Assets.xcassets */,
			);
			path = "Preview Content";
			sourceTree = "<group>";
		};
		510F2237231475A04515B0F2 /* Pods */ = {
			isa = PBXGroup;
			children = (
				0463D6907008B5E25174A16E /* Pods-TokenManager.debug.xcconfig */,
				3A1C273BEAFA0439B07EE75C /* Pods-TokenManager.release.xcconfig */,
			);
			path = Pods;
			sourceTree = "<group>";
		};
		A720783527151BA65E7001B5 /* Frameworks */ = {
			isa = PBXGroup;
			children = (
				DF0028732A1B6EDACDE42523 /* Pods_TokenManager.framework */,
			);
			name = Frameworks;
			sourceTree = "<group>";
		};
/* End PBXGroup section */

/* Begin PBXNativeTarget section */
		1ED1DBEC2BC43D2A00980E47 /* TokenManager */ = {
			isa = PBXNativeTarget;
			buildConfigurationList = 1ED1DBFB2BC43D2C00980E47 /* Build configuration list for PBXNativeTarget "TokenManager" */;
			buildPhases = (
				983E4E7F201CF23545138F8F /* [CP] Check Pods Manifest.lock */,
				1ED1DBE92BC43D2A00980E47 /* Sources */,
				1ED1DBEA2BC43D2A00980E47 /* Frameworks */,
				1ED1DBEB2BC43D2A00980E47 /* Resources */,
				513E6DAB17F518A13C8AA4B3 /* [CP] Embed Pods Frameworks */,
			);
			buildRules = (
			);
			dependencies = (
			);
			name = TokenManager;
			productName = TokenManager;
			productReference = 1ED1DBED2BC43D2A00980E47 /* TokenManager.app */;
			productType = "com.apple.product-type.application";
		};
/* End PBXNativeTarget section */

/* Begin PBXProject section */
		1ED1DBE52BC43D2A00980E47 /* Project object */ = {
			isa = PBXProject;
			attributes = {
				BuildIndependentTargetsInParallel = 1;
				LastSwiftUpdateCheck = 1530;
				LastUpgradeCheck = 1530;
				TargetAttributes = {
					1ED1DBEC2BC43D2A00980E47 = {
						CreatedOnToolsVersion = 15.3;
					};
				};
			};
			buildConfigurationList = 1ED1DBE82BC43D2A00980E47 /* Build configuration list for PBXProject "TokenManager" */;
			compatibilityVersion = "Xcode 14.0";
			developmentRegion = en;
			hasScannedForEncodings = 0;
			knownRegions = (
				en,
				Base,
			);
			mainGroup = 1ED1DBE42BC43D2A00980E47;
			productRefGroup = 1ED1DBEE2BC43D2A00980E47 /* Products */;
			projectDirPath = "";
			projectRoot = "";
			targets = (
				1ED1DBEC2BC43D2A00980E47 /* TokenManager */,
			);
		};
/* End PBXProject section */

/* Begin PBXResourcesBuildPhase section */
		1ED1DBEB2BC43D2A00980E47 /* Resources */ = {
			isa = PBXResourcesBuildPhase;
			buildActionMask = 2147483647;
			files = (
				1ED1DC0C2BC43E4500980E47 /* README.md in Resources */,
				1ED1DBF82BC43D2C00980E47 /* Preview Assets.xcassets in Resources */,
				1ED1DBF52BC43D2C00980E47 /* Assets.xcassets in Resources */,
			);
			runOnlyForDeploymentPostprocessing = 0;
		};
/* End PBXResourcesBuildPhase section */

/* Begin PBXShellScriptBuildPhase section */
		513E6DAB17F518A13C8AA4B3 /* [CP] Embed Pods Frameworks */ = {
			isa = PBXShellScriptBuildPhase;
			buildActionMask = 2147483647;
			files = (
			);
			inputFileListPaths = (
				"${PODS_ROOT}/Target Support Files/Pods-TokenManager/Pods-TokenManager-frameworks-${CONFIGURATION}-input-files.xcfilelist",
			);
			name = "[CP] Embed Pods Frameworks";
			outputFileListPaths = (
				"${PODS_ROOT}/Target Support Files/Pods-TokenManager/Pods-TokenManager-frameworks-${CONFIGURATION}-output-files.xcfilelist",
			);
			runOnlyForDeploymentPostprocessing = 0;
			shellPath = /bin/sh;
			shellScript = "\"${PODS_ROOT}/Target Support Files/Pods-TokenManager/Pods-TokenManager-frameworks.sh\"\n";
			showEnvVarsInLog = 0;
		};
		983E4E7F201CF23545138F8F /* [CP] Check Pods Manifest.lock */ = {
			isa = PBXShellScriptBuildPhase;
			buildActionMask = 2147483647;
			files = (
			);
			inputFileListPaths = (
			);
			inputPaths = (
				"${PODS_PODFILE_DIR_PATH}/Podfile.lock",
				"${PODS_ROOT}/Manifest.lock",
			);
			name = "[CP] Check Pods Manifest.lock";
			outputFileListPaths = (
			);
			outputPaths = (
				"$(DERIVED_FILE_DIR)/Pods-TokenManager-checkManifestLockResult.txt",
			);
			runOnlyForDeploymentPostprocessing = 0;
			shellPath = /bin/sh;
			shellScript = "diff \"${PODS_PODFILE_DIR_PATH}/Podfile.lock\" \"${PODS_ROOT}/Manifest.lock\" > /dev/null\nif [ $? != 0 ] ; then\n    # print error to STDERR\n    echo \"error: The sandbox is not in sync with the Podfile.lock. Run 'pod install' or update your CocoaPods installation.\" >&2\n    exit 1\nfi\n# This output is used by Xcode 'outputs' to avoid re-running this script phase.\necho \"SUCCESS\" > \"${SCRIPT_OUTPUT_FILE_0}\"\n";
			showEnvVarsInLog = 0;
		};
/* End PBXShellScriptBuildPhase section */

/* Begin PBXSourcesBuildPhase section */
		1ED1DBE92BC43D2A00980E47 /* Sources */ = {
			isa = PBXSourcesBuildPhase;
			buildActionMask = 2147483647;
			files = (
				1ED1DC072BC43DD900980E47 /* RefreshTokenView.swift in Sources */,
				1ED1DC0A2BC43E0600980E47 /* WebView.swift in Sources */,
				1ED1DBF32BC43D2A00980E47 /* ContentView.swift in Sources */,
				1ED1DBFF2BC43D9000980E47 /* TokenManager.swift in Sources */,
				1ED1DC052BC43DC900980E47 /* AccessTokenView.swift in Sources */,
				1ED1DC012BC43DA400980E47 /* OAuth2.swift in Sources */,
				1ED1DBF12BC43D2A00980E47 /* TokenManagerApp.swift in Sources */,
				1ED1DC032BC43DB300980E47 /* Keychain.swift in Sources */,
			);
			runOnlyForDeploymentPostprocessing = 0;
		};
/* End PBXSourcesBuildPhase section */

/* Begin XCBuildConfiguration section */
		1ED1DBF92BC43D2C00980E47 /* Debug */ = {
			isa = XCBuildConfiguration;
			buildSettings = {
				ALWAYS_SEARCH_USER_PATHS = NO;
				ASSETCATALOG_COMPILER_GENERATE_SWIFT_ASSET_SYMBOL_EXTENSIONS = YES;
				CLANG_ANALYZER_NONNULL = YES;
				CLANG_ANALYZER_NUMBER_OBJECT_CONVERSION = YES_AGGRESSIVE;
				CLANG_CXX_LANGUAGE_STANDARD = "gnu++20";
				CLANG_ENABLE_MODULES = YES;
				CLANG_ENABLE_OBJC_ARC = YES;
				CLANG_ENABLE_OBJC_WEAK = YES;
				CLANG_WARN_BLOCK_CAPTURE_AUTORELEASING = YES;
				CLANG_WARN_BOOL_CONVERSION = YES;
				CLANG_WARN_COMMA = YES;
				CLANG_WARN_CONSTANT_CONVERSION = YES;
				CLANG_WARN_DEPRECATED_OBJC_IMPLEMENTATIONS = YES;
				CLANG_WARN_DIRECT_OBJC_ISA_USAGE = YES_ERROR;
				CLANG_WARN_DOCUMENTATION_COMMENTS = YES;
				CLANG_WARN_EMPTY_BODY = YES;
				CLANG_WARN_ENUM_CONVERSION = YES;
				CLANG_WARN_INFINITE_RECURSION = YES;
				CLANG_WARN_INT_CONVERSION = YES;
				CLANG_WARN_NON_LITERAL_NULL_CONVERSION = YES;
				CLANG_WARN_OBJC_IMPLICIT_RETAIN_SELF = YES;
				CLANG_WARN_OBJC_LITERAL_CONVERSION = YES;
				CLANG_WARN_OBJC_ROOT_CLASS = YES_ERROR;
				CLANG_WARN_QUOTED_INCLUDE_IN_FRAMEWORK_HEADER = YES;
				CLANG_WARN_RANGE_LOOP_ANALYSIS = YES;
				CLANG_WARN_STRICT_PROTOTYPES = YES;
				CLANG_WARN_SUSPICIOUS_MOVE = YES;
				CLANG_WARN_UNGUARDED_AVAILABILITY = YES_AGGRESSIVE;
				CLANG_WARN_UNREACHABLE_CODE = YES;
				CLANG_WARN__DUPLICATE_METHOD_MATCH = YES;
				COPY_PHASE_STRIP = NO;
				DEBUG_INFORMATION_FORMAT = dwarf;
				ENABLE_STRICT_OBJC_MSGSEND = YES;
				ENABLE_TESTABILITY = YES;
				ENABLE_USER_SCRIPT_SANDBOXING = YES;
				GCC_C_LANGUAGE_STANDARD = gnu17;
				GCC_DYNAMIC_NO_PIC = NO;
				GCC_NO_COMMON_BLOCKS = YES;
				GCC_OPTIMIZATION_LEVEL = 0;
				GCC_PREPROCESSOR_DEFINITIONS = (
					"DEBUG=1",
					"$(inherited)",
				);
				GCC_WARN_64_TO_32_BIT_CONVERSION = YES;
				GCC_WARN_ABOUT_RETURN_TYPE = YES_ERROR;
				GCC_WARN_UNDECLARED_SELECTOR = YES;
				GCC_WARN_UNINITIALIZED_AUTOS = YES_AGGRESSIVE;
				GCC_WARN_UNUSED_FUNCTION = YES;
				GCC_WARN_UNUSED_VARIABLE = YES;
				IPHONEOS_DEPLOYMENT_TARGET = 17.4;
				LOCALIZATION_PREFERS_STRING_CATALOGS = YES;
				MTL_ENABLE_DEBUG_INFO = INCLUDE_SOURCE;
				MTL_FAST_MATH = YES;
				ONLY_ACTIVE_ARCH = YES;
				SDKROOT = iphoneos;
				SWIFT_ACTIVE_COMPILATION_CONDITIONS = "DEBUG $(inherited)";
				SWIFT_OPTIMIZATION_LEVEL = "-Onone";
			};
			name = Debug;
		};
		1ED1DBFA2BC43D2C00980E47 /* Release */ = {
			isa = XCBuildConfiguration;
			buildSettings = {
				ALWAYS_SEARCH_USER_PATHS = NO;
				ASSETCATALOG_COMPILER_GENERATE_SWIFT_ASSET_SYMBOL_EXTENSIONS = YES;
				CLANG_ANALYZER_NONNULL = YES;
				CLANG_ANALYZER_NUMBER_OBJECT_CONVERSION = YES_AGGRESSIVE;
				CLANG_CXX_LANGUAGE_STANDARD = "gnu++20";
				CLANG_ENABLE_MODULES = YES;
				CLANG_ENABLE_OBJC_ARC = YES;
				CLANG_ENABLE_OBJC_WEAK = YES;
				CLANG_WARN_BLOCK_CAPTURE_AUTORELEASING = YES;
				CLANG_WARN_BOOL_CONVERSION = YES;
				CLANG_WARN_COMMA = YES;
				CLANG_WARN_CONSTANT_CONVERSION = YES;
				CLANG_WARN_DEPRECATED_OBJC_IMPLEMENTATIONS = YES;
				CLANG_WARN_DIRECT_OBJC_ISA_USAGE = YES_ERROR;
				CLANG_WARN_DOCUMENTATION_COMMENTS = YES;
				CLANG_WARN_EMPTY_BODY = YES;
				CLANG_WARN_ENUM_CONVERSION = YES;
				CLANG_WARN_INFINITE_RECURSION = YES;
				CLANG_WARN_INT_CONVERSION = YES;
				CLANG_WARN_NON_LITERAL_NULL_CONVERSION = YES;
				CLANG_WARN_OBJC_IMPLICIT_RETAIN_SELF = YES;
				CLANG_WARN_OBJC_LITERAL_CONVERSION = YES;
				CLANG_WARN_OBJC_ROOT_CLASS = YES_ERROR;
				CLANG_WARN_QUOTED_INCLUDE_IN_FRAMEWORK_HEADER = YES;
				CLANG_WARN_RANGE_LOOP_ANALYSIS = YES;
				CLANG_WARN_STRICT_PROTOTYPES = YES;
				CLANG_WARN_SUSPICIOUS_MOVE = YES;
				CLANG_WARN_UNGUARDED_AVAILABILITY = YES_AGGRESSIVE;
				CLANG_WARN_UNREACHABLE_CODE = YES;
				CLANG_WARN__DUPLICATE_METHOD_MATCH = YES;
				COPY_PHASE_STRIP = NO;
				DEBUG_INFORMATION_FORMAT = "dwarf-with-dsym";
				ENABLE_NS_ASSERTIONS = NO;
				ENABLE_STRICT_OBJC_MSGSEND = YES;
				ENABLE_USER_SCRIPT_SANDBOXING = YES;
				GCC_C_LANGUAGE_STANDARD = gnu17;
				GCC_NO_COMMON_BLOCKS = YES;
				GCC_WARN_64_TO_32_BIT_CONVERSION = YES;
				GCC_WARN_ABOUT_RETURN_TYPE = YES_ERROR;
				GCC_WARN_UNDECLARED_SELECTOR = YES;
				GCC_WARN_UNINITIALIZED_AUTOS = YES_AGGRESSIVE;
				GCC_WARN_UNUSED_FUNCTION = YES;
				GCC_WARN_UNUSED_VARIABLE = YES;
				IPHONEOS_DEPLOYMENT_TARGET = 17.4;
				LOCALIZATION_PREFERS_STRING_CATALOGS = YES;
				MTL_ENABLE_DEBUG_INFO = NO;
				MTL_FAST_MATH = YES;
				SDKROOT = iphoneos;
				SWIFT_COMPILATION_MODE = wholemodule;
				VALIDATE_PRODUCT = YES;
			};
			name = Release;
		};
		1ED1DBFC2BC43D2C00980E47 /* Debug */ = {
			isa = XCBuildConfiguration;
			baseConfigurationReference = 0463D6907008B5E25174A16E /* Pods-TokenManager.debug.xcconfig */;
			buildSettings = {
				ASSETCATALOG_COMPILER_APPICON_NAME = AppIcon;
				ASSETCATALOG_COMPILER_GLOBAL_ACCENT_COLOR_NAME = AccentColor;
				CODE_SIGN_STYLE = Automatic;
				CURRENT_PROJECT_VERSION = 1;
				DEVELOPMENT_ASSET_PATHS = "\"TokenManager/Preview Content\"";
				DEVELOPMENT_TEAM = 6U7Y4F88LS;
				ENABLE_PREVIEWS = YES;
				ENABLE_USER_SCRIPT_SANDBOXING = NO;
				GENERATE_INFOPLIST_FILE = YES;
				INFOPLIST_FILE = TokenManager/Info.plist;
				INFOPLIST_KEY_UIApplicationSceneManifest_Generation = YES;
				INFOPLIST_KEY_UIApplicationSupportsIndirectInputEvents = YES;
				INFOPLIST_KEY_UILaunchScreen_Generation = YES;
				INFOPLIST_KEY_UISupportedInterfaceOrientations_iPad = "UIInterfaceOrientationPortrait UIInterfaceOrientationPortraitUpsideDown UIInterfaceOrientationLandscapeLeft UIInterfaceOrientationLandscapeRight";
				INFOPLIST_KEY_UISupportedInterfaceOrientations_iPhone = "UIInterfaceOrientationPortrait UIInterfaceOrientationLandscapeLeft UIInterfaceOrientationLandscapeRight";
				LD_RUNPATH_SEARCH_PATHS = (
					"$(inherited)",
					"@executable_path/Frameworks",
				);
				MARKETING_VERSION = 1.0;
				PRODUCT_BUNDLE_IDENTIFIER = "org.groton.swift-examples.TokenManager";
				PRODUCT_NAME = "$(TARGET_NAME)";
				SWIFT_EMIT_LOC_STRINGS = YES;
				SWIFT_VERSION = 5.0;
				TARGETED_DEVICE_FAMILY = "1,2";
			};
			name = Debug;
		};
		1ED1DBFD2BC43D2C00980E47 /* Release */ = {
			isa = XCBuildConfiguration;
			baseConfigurationReference = 3A1C273BEAFA0439B07EE75C /* Pods-TokenManager.release.xcconfig */;
			buildSettings = {
				ASSETCATALOG_COMPILER_APPICON_NAME = AppIcon;
				ASSETCATALOG_COMPILER_GLOBAL_ACCENT_COLOR_NAME = AccentColor;
				CODE_SIGN_STYLE = Automatic;
				CURRENT_PROJECT_VERSION = 1;
				DEVELOPMENT_ASSET_PATHS = "\"TokenManager/Preview Content\"";
				DEVELOPMENT_TEAM = 6U7Y4F88LS;
				ENABLE_PREVIEWS = YES;
				ENABLE_USER_SCRIPT_SANDBOXING = NO;
				GENERATE_INFOPLIST_FILE = YES;
				INFOPLIST_FILE = TokenManager/Info.plist;
				INFOPLIST_KEY_UIApplicationSceneManifest_Generation = YES;
				INFOPLIST_KEY_UIApplicationSupportsIndirectInputEvents = YES;
				INFOPLIST_KEY_UILaunchScreen_Generation = YES;
				INFOPLIST_KEY_UISupportedInterfaceOrientations_iPad = "UIInterfaceOrientationPortrait UIInterfaceOrientationPortraitUpsideDown UIInterfaceOrientationLandscapeLeft UIInterfaceOrientationLandscapeRight";
				INFOPLIST_KEY_UISupportedInterfaceOrientations_iPhone = "UIInterfaceOrientationPortrait UIInterfaceOrientationLandscapeLeft UIInterfaceOrientationLandscapeRight";
				LD_RUNPATH_SEARCH_PATHS = (
					"$(inherited)",
					"@executable_path/Frameworks",
				);
				MARKETING_VERSION = 1.0;
				PRODUCT_BUNDLE_IDENTIFIER = "org.groton.swift-examples.TokenManager";
				PRODUCT_NAME = "$(TARGET_NAME)";
				SWIFT_EMIT_LOC_STRINGS = YES;
				SWIFT_VERSION = 5.0;
				TARGETED_DEVICE_FAMILY = "1,2";
			};
			name = Release;
		};
/* End XCBuildConfiguration section */

/* Begin XCConfigurationList section */
		1ED1DBE82BC43D2A00980E47 /* Build configuration list for PBXProject "TokenManager" */ = {
			isa = XCConfigurationList;
			buildConfigurations = (
				1ED1DBF92BC43D2C00980E47 /* Debug */,
				1ED1DBFA2BC43D2C00980E47 /* Release */,
			);
			defaultConfigurationIsVisible = 0;
			defaultConfigurationName = Release;
		};
		1ED1DBFB2BC43D2C00980E47 /* Build configuration list for PBXNativeTarget "TokenManager" */ = {
			isa = XCConfigurationList;
			buildConfigurations = (
				1ED1DBFC2BC43D2C00980E47 /* Debug */,
				1ED1DBFD2BC43D2C00980E47 /* Release */,
			);
			defaultConfigurationIsVisible = 0;
			defaultConfigurationName = Release;
		};
/* End XCConfigurationList section */
	};
	rootObject = 1ED1DBE52BC43D2A00980E47 /* Project object */;
}
