// !$*UTF8*$!
{
	archiveVersion = 1;
	classes = {
	};
	objectVersion = 56;
	objects = {

/* Begin PBXBuildFile section */
		1E22C8B12BAC9F08001524F4 /* OAuth2AuthorizationApp.swift in Sources */ = {isa = PBXBuildFile; fileRef = 1E22C8B02BAC9F08001524F4 /* OAuth2AuthorizationApp.swift */; };
		1E22C8B32BAC9F08001524F4 /* ContentView.swift in Sources */ = {isa = PBXBuildFile; fileRef = 1E22C8B22BAC9F08001524F4 /* ContentView.swift */; };
		1E22C8B52BAC9F09001524F4 /* Assets.xcassets in Resources */ = {isa = PBXBuildFile; fileRef = 1E22C8B42BAC9F09001524F4 /* Assets.xcassets */; };
		1E22C8B82BAC9F09001524F4 /* Preview Assets.xcassets in Resources */ = {isa = PBXBuildFile; fileRef = 1E22C8B72BAC9F09001524F4 /* Preview Assets.xcassets */; };
		1E22C9102BACB73D001524F4 /* WebView.swift in Sources */ = {isa = PBXBuildFile; fileRef = 1E22C90F2BACB73D001524F4 /* WebView.swift */; };
		1E22C9122BACBDAB001524F4 /* OAuth2.swift in Sources */ = {isa = PBXBuildFile; fileRef = 1E22C9112BACBDAB001524F4 /* OAuth2.swift */; };
		1E22C9302BADD385001524F4 /* TokenView.swift in Sources */ = {isa = PBXBuildFile; fileRef = 1E22C92F2BADD385001524F4 /* TokenView.swift */; };
		2FB00B48C654B155C02A1B43 /* Pods_OAuth2Authorization.framework in Frameworks */ = {isa = PBXBuildFile; fileRef = FE376546394C4C9A6D2B02D3 /* Pods_OAuth2Authorization.framework */; };
/* End PBXBuildFile section */

/* Begin PBXFileReference section */
		1E22C8AD2BAC9F08001524F4 /* OAuth2Authorization.app */ = {isa = PBXFileReference; explicitFileType = wrapper.application; includeInIndex = 0; path = OAuth2Authorization.app; sourceTree = BUILT_PRODUCTS_DIR; };
		1E22C8B02BAC9F08001524F4 /* OAuth2AuthorizationApp.swift */ = {isa = PBXFileReference; lastKnownFileType = sourcecode.swift; path = OAuth2AuthorizationApp.swift; sourceTree = "<group>"; };
		1E22C8B22BAC9F08001524F4 /* ContentView.swift */ = {isa = PBXFileReference; lastKnownFileType = sourcecode.swift; path = ContentView.swift; sourceTree = "<group>"; };
		1E22C8B42BAC9F09001524F4 /* Assets.xcassets */ = {isa = PBXFileReference; lastKnownFileType = folder.assetcatalog; path = Assets.xcassets; sourceTree = "<group>"; };
		1E22C8B72BAC9F09001524F4 /* Preview Assets.xcassets */ = {isa = PBXFileReference; lastKnownFileType = folder.assetcatalog; path = "Preview Assets.xcassets"; sourceTree = "<group>"; };
		1E22C8BE2BACA00C001524F4 /* README.md */ = {isa = PBXFileReference; lastKnownFileType = net.daringfireball.markdown; path = README.md; sourceTree = "<group>"; };
		1E22C8BF2BACA102001524F4 /* Info.plist */ = {isa = PBXFileReference; lastKnownFileType = text.plist; path = Info.plist; sourceTree = "<group>"; };
		1E22C90F2BACB73D001524F4 /* WebView.swift */ = {isa = PBXFileReference; fileEncoding = 4; lastKnownFileType = sourcecode.swift; path = WebView.swift; sourceTree = "<group>"; };
		1E22C9112BACBDAB001524F4 /* OAuth2.swift */ = {isa = PBXFileReference; lastKnownFileType = sourcecode.swift; path = OAuth2.swift; sourceTree = "<group>"; };
		1E22C92F2BADD385001524F4 /* TokenView.swift */ = {isa = PBXFileReference; lastKnownFileType = sourcecode.swift; path = TokenView.swift; sourceTree = "<group>"; };
		6170347F8878B8D2775494DD /* Pods-OAuth2Authorization.release.xcconfig */ = {isa = PBXFileReference; includeInIndex = 1; lastKnownFileType = text.xcconfig; name = "Pods-OAuth2Authorization.release.xcconfig"; path = "Target Support Files/Pods-OAuth2Authorization/Pods-OAuth2Authorization.release.xcconfig"; sourceTree = "<group>"; };
		CC6FB88351A90531CC08715E /* Pods-OAuth2Authorization.debug.xcconfig */ = {isa = PBXFileReference; includeInIndex = 1; lastKnownFileType = text.xcconfig; name = "Pods-OAuth2Authorization.debug.xcconfig"; path = "Target Support Files/Pods-OAuth2Authorization/Pods-OAuth2Authorization.debug.xcconfig"; sourceTree = "<group>"; };
		FE376546394C4C9A6D2B02D3 /* Pods_OAuth2Authorization.framework */ = {isa = PBXFileReference; explicitFileType = wrapper.framework; includeInIndex = 0; path = Pods_OAuth2Authorization.framework; sourceTree = BUILT_PRODUCTS_DIR; };
/* End PBXFileReference section */

/* Begin PBXFrameworksBuildPhase section */
		1E22C8AA2BAC9F08001524F4 /* Frameworks */ = {
			isa = PBXFrameworksBuildPhase;
			buildActionMask = 2147483647;
			files = (
				2FB00B48C654B155C02A1B43 /* Pods_OAuth2Authorization.framework in Frameworks */,
			);
			runOnlyForDeploymentPostprocessing = 0;
		};
/* End PBXFrameworksBuildPhase section */

/* Begin PBXGroup section */
		1E22C8A42BAC9F08001524F4 = {
			isa = PBXGroup;
			children = (
				1E22C8BE2BACA00C001524F4 /* README.md */,
				1E22C8AF2BAC9F08001524F4 /* OAuth2Authorization */,
				1E22C8AE2BAC9F08001524F4 /* Products */,
				90BAADCA072681B5D0FB6075 /* Pods */,
				24663934CB865E754028BDD4 /* Frameworks */,
			);
			sourceTree = "<group>";
		};
		1E22C8AE2BAC9F08001524F4 /* Products */ = {
			isa = PBXGroup;
			children = (
				1E22C8AD2BAC9F08001524F4 /* OAuth2Authorization.app */,
			);
			name = Products;
			sourceTree = "<group>";
		};
		1E22C8AF2BAC9F08001524F4 /* OAuth2Authorization */ = {
			isa = PBXGroup;
			children = (
				1E22C8BF2BACA102001524F4 /* Info.plist */,
				1E22C8B02BAC9F08001524F4 /* OAuth2AuthorizationApp.swift */,
				1E22C8B22BAC9F08001524F4 /* ContentView.swift */,
				1E22C9112BACBDAB001524F4 /* OAuth2.swift */,
				1E22C90F2BACB73D001524F4 /* WebView.swift */,
				1E22C92F2BADD385001524F4 /* TokenView.swift */,
				1E22C8B42BAC9F09001524F4 /* Assets.xcassets */,
				1E22C8B62BAC9F09001524F4 /* Preview Content */,
			);
			path = OAuth2Authorization;
			sourceTree = "<group>";
		};
		1E22C8B62BAC9F09001524F4 /* Preview Content */ = {
			isa = PBXGroup;
			children = (
				1E22C8B72BAC9F09001524F4 /* Preview Assets.xcassets */,
			);
			path = "Preview Content";
			sourceTree = "<group>";
		};
		24663934CB865E754028BDD4 /* Frameworks */ = {
			isa = PBXGroup;
			children = (
				FE376546394C4C9A6D2B02D3 /* Pods_OAuth2Authorization.framework */,
			);
			name = Frameworks;
			sourceTree = "<group>";
		};
		90BAADCA072681B5D0FB6075 /* Pods */ = {
			isa = PBXGroup;
			children = (
				CC6FB88351A90531CC08715E /* Pods-OAuth2Authorization.debug.xcconfig */,
				6170347F8878B8D2775494DD /* Pods-OAuth2Authorization.release.xcconfig */,
			);
			path = Pods;
			sourceTree = "<group>";
		};
/* End PBXGroup section */

/* Begin PBXNativeTarget section */
		1E22C8AC2BAC9F08001524F4 /* OAuth2Authorization */ = {
			isa = PBXNativeTarget;
			buildConfigurationList = 1E22C8BB2BAC9F09001524F4 /* Build configuration list for PBXNativeTarget "OAuth2Authorization" */;
			buildPhases = (
				13550AFCA3A4CAF24FF9DE4F /* [CP] Check Pods Manifest.lock */,
				1E22C8A92BAC9F08001524F4 /* Sources */,
				1E22C8AA2BAC9F08001524F4 /* Frameworks */,
				1E22C8AB2BAC9F08001524F4 /* Resources */,
				42DA51F056B100B305A9E64E /* [CP] Embed Pods Frameworks */,
			);
			buildRules = (
			);
			dependencies = (
			);
			name = OAuth2Authorization;
			productName = OAuth2Authorization;
			productReference = 1E22C8AD2BAC9F08001524F4 /* OAuth2Authorization.app */;
			productType = "com.apple.product-type.application";
		};
/* End PBXNativeTarget section */

/* Begin PBXProject section */
		1E22C8A52BAC9F08001524F4 /* Project object */ = {
			isa = PBXProject;
			attributes = {
				BuildIndependentTargetsInParallel = 1;
				LastSwiftUpdateCheck = 1530;
				LastUpgradeCheck = 1530;
				TargetAttributes = {
					1E22C8AC2BAC9F08001524F4 = {
						CreatedOnToolsVersion = 15.3;
					};
				};
			};
			buildConfigurationList = 1E22C8A82BAC9F08001524F4 /* Build configuration list for PBXProject "OAuth2Authorization" */;
			compatibilityVersion = "Xcode 14.0";
			developmentRegion = en;
			hasScannedForEncodings = 0;
			knownRegions = (
				en,
				Base,
			);
			mainGroup = 1E22C8A42BAC9F08001524F4;
			productRefGroup = 1E22C8AE2BAC9F08001524F4 /* Products */;
			projectDirPath = "";
			projectRoot = "";
			targets = (
				1E22C8AC2BAC9F08001524F4 /* OAuth2Authorization */,
			);
		};
/* End PBXProject section */

/* Begin PBXResourcesBuildPhase section */
		1E22C8AB2BAC9F08001524F4 /* Resources */ = {
			isa = PBXResourcesBuildPhase;
			buildActionMask = 2147483647;
			files = (
				1E22C8B82BAC9F09001524F4 /* Preview Assets.xcassets in Resources */,
				1E22C8B52BAC9F09001524F4 /* Assets.xcassets in Resources */,
			);
			runOnlyForDeploymentPostprocessing = 0;
		};
/* End PBXResourcesBuildPhase section */

/* Begin PBXShellScriptBuildPhase section */
		13550AFCA3A4CAF24FF9DE4F /* [CP] Check Pods Manifest.lock */ = {
			isa = PBXShellScriptBuildPhase;
			buildActionMask = 2147483647;
			files = (
			);
			inputFileListPaths = (
			);
			inputPaths = (
				"${PODS_PODFILE_DIR_PATH}/Podfile.lock",
				"${PODS_ROOT}/Manifest.lock",
			);
			name = "[CP] Check Pods Manifest.lock";
			outputFileListPaths = (
			);
			outputPaths = (
				"$(DERIVED_FILE_DIR)/Pods-OAuth2Authorization-checkManifestLockResult.txt",
			);
			runOnlyForDeploymentPostprocessing = 0;
			shellPath = /bin/sh;
			shellScript = "diff \"${PODS_PODFILE_DIR_PATH}/Podfile.lock\" \"${PODS_ROOT}/Manifest.lock\" > /dev/null\nif [ $? != 0 ] ; then\n    # print error to STDERR\n    echo \"error: The sandbox is not in sync with the Podfile.lock. Run 'pod install' or update your CocoaPods installation.\" >&2\n    exit 1\nfi\n# This output is used by Xcode 'outputs' to avoid re-running this script phase.\necho \"SUCCESS\" > \"${SCRIPT_OUTPUT_FILE_0}\"\n";
			showEnvVarsInLog = 0;
		};
		42DA51F056B100B305A9E64E /* [CP] Embed Pods Frameworks */ = {
			isa = PBXShellScriptBuildPhase;
			buildActionMask = 2147483647;
			files = (
			);
			inputFileListPaths = (
				"${PODS_ROOT}/Target Support Files/Pods-OAuth2Authorization/Pods-OAuth2Authorization-frameworks-${CONFIGURATION}-input-files.xcfilelist",
			);
			name = "[CP] Embed Pods Frameworks";
			outputFileListPaths = (
				"${PODS_ROOT}/Target Support Files/Pods-OAuth2Authorization/Pods-OAuth2Authorization-frameworks-${CONFIGURATION}-output-files.xcfilelist",
			);
			runOnlyForDeploymentPostprocessing = 0;
			shellPath = /bin/sh;
			shellScript = "\"${PODS_ROOT}/Target Support Files/Pods-OAuth2Authorization/Pods-OAuth2Authorization-frameworks.sh\"\n";
			showEnvVarsInLog = 0;
		};
/* End PBXShellScriptBuildPhase section */

/* Begin PBXSourcesBuildPhase section */
		1E22C8A92BAC9F08001524F4 /* Sources */ = {
			isa = PBXSourcesBuildPhase;
			buildActionMask = 2147483647;
			files = (
				1E22C9122BACBDAB001524F4 /* OAuth2.swift in Sources */,
				1E22C8B32BAC9F08001524F4 /* ContentView.swift in Sources */,
				1E22C9302BADD385001524F4 /* TokenView.swift in Sources */,
				1E22C8B12BAC9F08001524F4 /* OAuth2AuthorizationApp.swift in Sources */,
				1E22C9102BACB73D001524F4 /* WebView.swift in Sources */,
			);
			runOnlyForDeploymentPostprocessing = 0;
		};
/* End PBXSourcesBuildPhase section */

/* Begin XCBuildConfiguration section */
		1E22C8B92BAC9F09001524F4 /* Debug */ = {
			isa = XCBuildConfiguration;
			buildSettings = {
				ALWAYS_SEARCH_USER_PATHS = NO;
				ASSETCATALOG_COMPILER_GENERATE_SWIFT_ASSET_SYMBOL_EXTENSIONS = YES;
				CLANG_ANALYZER_NONNULL = YES;
				CLANG_ANALYZER_NUMBER_OBJECT_CONVERSION = YES_AGGRESSIVE;
				CLANG_CXX_LANGUAGE_STANDARD = "gnu++20";
				CLANG_ENABLE_MODULES = YES;
				CLANG_ENABLE_OBJC_ARC = YES;
				CLANG_ENABLE_OBJC_WEAK = YES;
				CLANG_WARN_BLOCK_CAPTURE_AUTORELEASING = YES;
				CLANG_WARN_BOOL_CONVERSION = YES;
				CLANG_WARN_COMMA = YES;
				CLANG_WARN_CONSTANT_CONVERSION = YES;
				CLANG_WARN_DEPRECATED_OBJC_IMPLEMENTATIONS = YES;
				CLANG_WARN_DIRECT_OBJC_ISA_USAGE = YES_ERROR;
				CLANG_WARN_DOCUMENTATION_COMMENTS = YES;
				CLANG_WARN_EMPTY_BODY = YES;
				CLANG_WARN_ENUM_CONVERSION = YES;
				CLANG_WARN_INFINITE_RECURSION = YES;
				CLANG_WARN_INT_CONVERSION = YES;
				CLANG_WARN_NON_LITERAL_NULL_CONVERSION = YES;
				CLANG_WARN_OBJC_IMPLICIT_RETAIN_SELF = YES;
				CLANG_WARN_OBJC_LITERAL_CONVERSION = YES;
				CLANG_WARN_OBJC_ROOT_CLASS = YES_ERROR;
				CLANG_WARN_QUOTED_INCLUDE_IN_FRAMEWORK_HEADER = YES;
				CLANG_WARN_RANGE_LOOP_ANALYSIS = YES;
				CLANG_WARN_STRICT_PROTOTYPES = YES;
				CLANG_WARN_SUSPICIOUS_MOVE = YES;
				CLANG_WARN_UNGUARDED_AVAILABILITY = YES_AGGRESSIVE;
				CLANG_WARN_UNREACHABLE_CODE = YES;
				CLANG_WARN__DUPLICATE_METHOD_MATCH = YES;
				COPY_PHASE_STRIP = NO;
				DEBUG_INFORMATION_FORMAT = dwarf;
				ENABLE_STRICT_OBJC_MSGSEND = YES;
				ENABLE_TESTABILITY = YES;
				ENABLE_USER_SCRIPT_SANDBOXING = YES;
				GCC_C_LANGUAGE_STANDARD = gnu17;
				GCC_DYNAMIC_NO_PIC = NO;
				GCC_NO_COMMON_BLOCKS = YES;
				GCC_OPTIMIZATION_LEVEL = 0;
				GCC_PREPROCESSOR_DEFINITIONS = (
					"DEBUG=1",
					"$(inherited)",
				);
				GCC_WARN_64_TO_32_BIT_CONVERSION = YES;
				GCC_WARN_ABOUT_RETURN_TYPE = YES_ERROR;
				GCC_WARN_UNDECLARED_SELECTOR = YES;
				GCC_WARN_UNINITIALIZED_AUTOS = YES_AGGRESSIVE;
				GCC_WARN_UNUSED_FUNCTION = YES;
				GCC_WARN_UNUSED_VARIABLE = YES;
				IPHONEOS_DEPLOYMENT_TARGET = 17.4;
				LOCALIZATION_PREFERS_STRING_CATALOGS = YES;
				MTL_ENABLE_DEBUG_INFO = INCLUDE_SOURCE;
				MTL_FAST_MATH = YES;
				ONLY_ACTIVE_ARCH = YES;
				SDKROOT = iphoneos;
				SWIFT_ACTIVE_COMPILATION_CONDITIONS = "DEBUG $(inherited)";
				SWIFT_OPTIMIZATION_LEVEL = "-Onone";
			};
			name = Debug;
		};
		1E22C8BA2BAC9F09001524F4 /* Release */ = {
			isa = XCBuildConfiguration;
			buildSettings = {
				ALWAYS_SEARCH_USER_PATHS = NO;
				ASSETCATALOG_COMPILER_GENERATE_SWIFT_ASSET_SYMBOL_EXTENSIONS = YES;
				CLANG_ANALYZER_NONNULL = YES;
				CLANG_ANALYZER_NUMBER_OBJECT_CONVERSION = YES_AGGRESSIVE;
				CLANG_CXX_LANGUAGE_STANDARD = "gnu++20";
				CLANG_ENABLE_MODULES = YES;
				CLANG_ENABLE_OBJC_ARC = YES;
				CLANG_ENABLE_OBJC_WEAK = YES;
				CLANG_WARN_BLOCK_CAPTURE_AUTORELEASING = YES;
				CLANG_WARN_BOOL_CONVERSION = YES;
				CLANG_WARN_COMMA = YES;
				CLANG_WARN_CONSTANT_CONVERSION = YES;
				CLANG_WARN_DEPRECATED_OBJC_IMPLEMENTATIONS = YES;
				CLANG_WARN_DIRECT_OBJC_ISA_USAGE = YES_ERROR;
				CLANG_WARN_DOCUMENTATION_COMMENTS = YES;
				CLANG_WARN_EMPTY_BODY = YES;
				CLANG_WARN_ENUM_CONVERSION = YES;
				CLANG_WARN_INFINITE_RECURSION = YES;
				CLANG_WARN_INT_CONVERSION = YES;
				CLANG_WARN_NON_LITERAL_NULL_CONVERSION = YES;
				CLANG_WARN_OBJC_IMPLICIT_RETAIN_SELF = YES;
				CLANG_WARN_OBJC_LITERAL_CONVERSION = YES;
				CLANG_WARN_OBJC_ROOT_CLASS = YES_ERROR;
				CLANG_WARN_QUOTED_INCLUDE_IN_FRAMEWORK_HEADER = YES;
				CLANG_WARN_RANGE_LOOP_ANALYSIS = YES;
				CLANG_WARN_STRICT_PROTOTYPES = YES;
				CLANG_WARN_SUSPICIOUS_MOVE = YES;
				CLANG_WARN_UNGUARDED_AVAILABILITY = YES_AGGRESSIVE;
				CLANG_WARN_UNREACHABLE_CODE = YES;
				CLANG_WARN__DUPLICATE_METHOD_MATCH = YES;
				COPY_PHASE_STRIP = NO;
				DEBUG_INFORMATION_FORMAT = "dwarf-with-dsym";
				ENABLE_NS_ASSERTIONS = NO;
				ENABLE_STRICT_OBJC_MSGSEND = YES;
				ENABLE_USER_SCRIPT_SANDBOXING = YES;
				GCC_C_LANGUAGE_STANDARD = gnu17;
				GCC_NO_COMMON_BLOCKS = YES;
				GCC_WARN_64_TO_32_BIT_CONVERSION = YES;
				GCC_WARN_ABOUT_RETURN_TYPE = YES_ERROR;
				GCC_WARN_UNDECLARED_SELECTOR = YES;
				GCC_WARN_UNINITIALIZED_AUTOS = YES_AGGRESSIVE;
				GCC_WARN_UNUSED_FUNCTION = YES;
				GCC_WARN_UNUSED_VARIABLE = YES;
				IPHONEOS_DEPLOYMENT_TARGET = 17.4;
				LOCALIZATION_PREFERS_STRING_CATALOGS = YES;
				MTL_ENABLE_DEBUG_INFO = NO;
				MTL_FAST_MATH = YES;
				SDKROOT = iphoneos;
				SWIFT_COMPILATION_MODE = wholemodule;
				VALIDATE_PRODUCT = YES;
			};
			name = Release;
		};
		1E22C8BC2BAC9F09001524F4 /* Debug */ = {
			isa = XCBuildConfiguration;
			baseConfigurationReference = CC6FB88351A90531CC08715E /* Pods-OAuth2Authorization.debug.xcconfig */;
			buildSettings = {
				ASSETCATALOG_COMPILER_APPICON_NAME = AppIcon;
				ASSETCATALOG_COMPILER_GLOBAL_ACCENT_COLOR_NAME = AccentColor;
				CODE_SIGN_STYLE = Automatic;
				CURRENT_PROJECT_VERSION = 1;
				DEVELOPMENT_ASSET_PATHS = "\"OAuth2Authorization/Preview Content\"";
				DEVELOPMENT_TEAM = 6U7Y4F88LS;
				ENABLE_PREVIEWS = YES;
				ENABLE_USER_SCRIPT_SANDBOXING = NO;
				GENERATE_INFOPLIST_FILE = YES;
				INFOPLIST_FILE = OAuth2Authorization/Info.plist;
				INFOPLIST_KEY_UIApplicationSceneManifest_Generation = YES;
				INFOPLIST_KEY_UIApplicationSupportsIndirectInputEvents = YES;
				INFOPLIST_KEY_UILaunchScreen_Generation = YES;
				INFOPLIST_KEY_UISupportedInterfaceOrientations_iPad = "UIInterfaceOrientationPortrait UIInterfaceOrientationPortraitUpsideDown UIInterfaceOrientationLandscapeLeft UIInterfaceOrientationLandscapeRight";
				INFOPLIST_KEY_UISupportedInterfaceOrientations_iPhone = "UIInterfaceOrientationPortrait UIInterfaceOrientationLandscapeLeft UIInterfaceOrientationLandscapeRight";
				LD_RUNPATH_SEARCH_PATHS = (
					"$(inherited)",
					"@executable_path/Frameworks",
				);
				MARKETING_VERSION = 1.0;
				PRODUCT_BUNDLE_IDENTIFIER = "org.groton.swift-examples.OAuth2Authorization";
				PRODUCT_NAME = "$(TARGET_NAME)";
				SWIFT_EMIT_LOC_STRINGS = YES;
				SWIFT_VERSION = 5.0;
				TARGETED_DEVICE_FAMILY = "1,2";
			};
			name = Debug;
		};
		1E22C8BD2BAC9F09001524F4 /* Release */ = {
			isa = XCBuildConfiguration;
			baseConfigurationReference = 6170347F8878B8D2775494DD /* Pods-OAuth2Authorization.release.xcconfig */;
			buildSettings = {
				ASSETCATALOG_COMPILER_APPICON_NAME = AppIcon;
				ASSETCATALOG_COMPILER_GLOBAL_ACCENT_COLOR_NAME = AccentColor;
				CODE_SIGN_STYLE = Automatic;
				CURRENT_PROJECT_VERSION = 1;
				DEVELOPMENT_ASSET_PATHS = "\"OAuth2Authorization/Preview Content\"";
				DEVELOPMENT_TEAM = 6U7Y4F88LS;
				ENABLE_PREVIEWS = YES;
				ENABLE_USER_SCRIPT_SANDBOXING = NO;
				GENERATE_INFOPLIST_FILE = YES;
				INFOPLIST_FILE = OAuth2Authorization/Info.plist;
				INFOPLIST_KEY_UIApplicationSceneManifest_Generation = YES;
				INFOPLIST_KEY_UIApplicationSupportsIndirectInputEvents = YES;
				INFOPLIST_KEY_UILaunchScreen_Generation = YES;
				INFOPLIST_KEY_UISupportedInterfaceOrientations_iPad = "UIInterfaceOrientationPortrait UIInterfaceOrientationPortraitUpsideDown UIInterfaceOrientationLandscapeLeft UIInterfaceOrientationLandscapeRight";
				INFOPLIST_KEY_UISupportedInterfaceOrientations_iPhone = "UIInterfaceOrientationPortrait UIInterfaceOrientationLandscapeLeft UIInterfaceOrientationLandscapeRight";
				LD_RUNPATH_SEARCH_PATHS = (
					"$(inherited)",
					"@executable_path/Frameworks",
				);
				MARKETING_VERSION = 1.0;
				PRODUCT_BUNDLE_IDENTIFIER = "org.groton.swift-examples.OAuth2Authorization";
				PRODUCT_NAME = "$(TARGET_NAME)";
				SWIFT_EMIT_LOC_STRINGS = YES;
				SWIFT_VERSION = 5.0;
				TARGETED_DEVICE_FAMILY = "1,2";
			};
			name = Release;
		};
/* End XCBuildConfiguration section */

/* Begin XCConfigurationList section */
		1E22C8A82BAC9F08001524F4 /* Build configuration list for PBXProject "OAuth2Authorization" */ = {
			isa = XCConfigurationList;
			buildConfigurations = (
				1E22C8B92BAC9F09001524F4 /* Debug */,
				1E22C8BA2BAC9F09001524F4 /* Release */,
			);
			defaultConfigurationIsVisible = 0;
			defaultConfigurationName = Release;
		};
		1E22C8BB2BAC9F09001524F4 /* Build configuration list for PBXNativeTarget "OAuth2Authorization" */ = {
			isa = XCConfigurationList;
			buildConfigurations = (
				1E22C8BC2BAC9F09001524F4 /* Debug */,
				1E22C8BD2BAC9F09001524F4 /* Release */,
			);
			defaultConfigurationIsVisible = 0;
			defaultConfigurationName = Release;
		};
/* End XCConfigurationList section */
	};
	rootObject = 1E22C8A52BAC9F08001524F4 /* Project object */;
}
