// !$*UTF8*$!
{
	archiveVersion = 1;
	classes = {
	};
	objectVersion = 56;
	objects = {

/* Begin PBXBuildFile section */
		1E6D89B72BCEE49100BC283E /* ErrorView.swift in Sources */ = {isa = PBXBuildFile; fileRef = 1E6D89B62BCEE49100BC283E /* ErrorView.swift */; };
		1ED1DC1A2BC43FD500980E47 /* APIManagerApp.swift in Sources */ = {isa = PBXBuildFile; fileRef = 1ED1DC192BC43FD500980E47 /* APIManagerApp.swift */; };
		1ED1DC1C2BC43FD500980E47 /* ContentView.swift in Sources */ = {isa = PBXBuildFile; fileRef = 1ED1DC1B2BC43FD500980E47 /* ContentView.swift */; };
		1ED1DC1E2BC43FD600980E47 /* Assets.xcassets in Resources */ = {isa = PBXBuildFile; fileRef = 1ED1DC1D2BC43FD600980E47 /* Assets.xcassets */; };
		1ED1DC212BC43FD600980E47 /* Preview Assets.xcassets in Resources */ = {isa = PBXBuildFile; fileRef = 1ED1DC202BC43FD600980E47 /* Preview Assets.xcassets */; };
		1ED1DC282BC4404C00980E47 /* TokenManager.swift in Sources */ = {isa = PBXBuildFile; fileRef = 1ED1DC272BC4404C00980E47 /* TokenManager.swift */; };
		1ED1DC2A2BC4405400980E47 /* OAuth2.swift in Sources */ = {isa = PBXBuildFile; fileRef = 1ED1DC292BC4405400980E47 /* OAuth2.swift */; };
		1ED1DC2C2BC4405900980E47 /* Keychain.swift in Sources */ = {isa = PBXBuildFile; fileRef = 1ED1DC2B2BC4405900980E47 /* Keychain.swift */; };
		1ED1DC2E2BC4406500980E47 /* WebView.swift in Sources */ = {isa = PBXBuildFile; fileRef = 1ED1DC2D2BC4406500980E47 /* WebView.swift */; };
		1ED1DC302BC4408900980E47 /* APIManager.swift in Sources */ = {isa = PBXBuildFile; fileRef = 1ED1DC2F2BC4408900980E47 /* APIManager.swift */; };
		1ED1DC352BC44CF900980E47 /* HomeLanguageRead.swift in Sources */ = {isa = PBXBuildFile; fileRef = 1ED1DC312BC44CF900980E47 /* HomeLanguageRead.swift */; };
		1ED1DC362BC44CF900980E47 /* ProfilePictureUrls.swift in Sources */ = {isa = PBXBuildFile; fileRef = 1ED1DC322BC44CF900980E47 /* ProfilePictureUrls.swift */; };
		1ED1DC372BC44CF900980E47 /* User.swift in Sources */ = {isa = PBXBuildFile; fileRef = 1ED1DC332BC44CF900980E47 /* User.swift */; };
		1ED1DC3A2BC44D1900980E47 /* UserView.swift in Sources */ = {isa = PBXBuildFile; fileRef = 1ED1DC392BC44D1900980E47 /* UserView.swift */; };
		5BBD5EF239827BD92CA45141 /* Pods_APIManager.framework in Frameworks */ = {isa = PBXBuildFile; fileRef = 2D25FC3F84858CC5DEEFF8E0 /* Pods_APIManager.framework */; };
/* End PBXBuildFile section */

/* Begin PBXFileReference section */
		1E6D89B62BCEE49100BC283E /* ErrorView.swift */ = {isa = PBXFileReference; lastKnownFileType = sourcecode.swift; path = ErrorView.swift; sourceTree = "<group>"; };
		1EB2577B2BC45555007067A6 /* Info.plist */ = {isa = PBXFileReference; lastKnownFileType = text.plist.xml; path = Info.plist; sourceTree = "<group>"; };
		1EB2577C2BC458A4007067A6 /* README.md */ = {isa = PBXFileReference; lastKnownFileType = net.daringfireball.markdown; path = README.md; sourceTree = "<group>"; };
		1ED1DC162BC43FD500980E47 /* APIManager.app */ = {isa = PBXFileReference; explicitFileType = wrapper.application; includeInIndex = 0; path = APIManager.app; sourceTree = BUILT_PRODUCTS_DIR; };
		1ED1DC192BC43FD500980E47 /* APIManagerApp.swift */ = {isa = PBXFileReference; lastKnownFileType = sourcecode.swift; path = APIManagerApp.swift; sourceTree = "<group>"; };
		1ED1DC1B2BC43FD500980E47 /* ContentView.swift */ = {isa = PBXFileReference; lastKnownFileType = sourcecode.swift; path = ContentView.swift; sourceTree = "<group>"; };
		1ED1DC1D2BC43FD600980E47 /* Assets.xcassets */ = {isa = PBXFileReference; lastKnownFileType = folder.assetcatalog; path = Assets.xcassets; sourceTree = "<group>"; };
		1ED1DC202BC43FD600980E47 /* Preview Assets.xcassets */ = {isa = PBXFileReference; lastKnownFileType = folder.assetcatalog; path = "Preview Assets.xcassets"; sourceTree = "<group>"; };
		1ED1DC272BC4404C00980E47 /* TokenManager.swift */ = {isa = PBXFileReference; fileEncoding = 4; lastKnownFileType = sourcecode.swift; path = TokenManager.swift; sourceTree = "<group>"; };
		1ED1DC292BC4405400980E47 /* OAuth2.swift */ = {isa = PBXFileReference; fileEncoding = 4; lastKnownFileType = sourcecode.swift; path = OAuth2.swift; sourceTree = "<group>"; };
		1ED1DC2B2BC4405900980E47 /* Keychain.swift */ = {isa = PBXFileReference; fileEncoding = 4; lastKnownFileType = sourcecode.swift; path = Keychain.swift; sourceTree = "<group>"; };
		1ED1DC2D2BC4406500980E47 /* WebView.swift */ = {isa = PBXFileReference; fileEncoding = 4; lastKnownFileType = sourcecode.swift; path = WebView.swift; sourceTree = "<group>"; };
		1ED1DC2F2BC4408900980E47 /* APIManager.swift */ = {isa = PBXFileReference; lastKnownFileType = sourcecode.swift; path = APIManager.swift; sourceTree = "<group>"; };
		1ED1DC312BC44CF900980E47 /* HomeLanguageRead.swift */ = {isa = PBXFileReference; fileEncoding = 4; lastKnownFileType = sourcecode.swift; path = HomeLanguageRead.swift; sourceTree = "<group>"; };
		1ED1DC322BC44CF900980E47 /* ProfilePictureUrls.swift */ = {isa = PBXFileReference; fileEncoding = 4; lastKnownFileType = sourcecode.swift; path = ProfilePictureUrls.swift; sourceTree = "<group>"; };
		1ED1DC332BC44CF900980E47 /* User.swift */ = {isa = PBXFileReference; fileEncoding = 4; lastKnownFileType = sourcecode.swift; path = User.swift; sourceTree = "<group>"; };
		1ED1DC392BC44D1900980E47 /* UserView.swift */ = {isa = PBXFileReference; lastKnownFileType = sourcecode.swift; path = UserView.swift; sourceTree = "<group>"; };
		2D25FC3F84858CC5DEEFF8E0 /* Pods_APIManager.framework */ = {isa = PBXFileReference; explicitFileType = wrapper.framework; includeInIndex = 0; path = Pods_APIManager.framework; sourceTree = BUILT_PRODUCTS_DIR; };
		7A7D06FF97080294A910A9EE /* Pods-APIManager.debug.xcconfig */ = {isa = PBXFileReference; includeInIndex = 1; lastKnownFileType = text.xcconfig; name = "Pods-APIManager.debug.xcconfig"; path = "Target Support Files/Pods-APIManager/Pods-APIManager.debug.xcconfig"; sourceTree = "<group>"; };
		A91AB3CF6329E2DFF0885772 /* Pods-APIManager.release.xcconfig */ = {isa = PBXFileReference; includeInIndex = 1; lastKnownFileType = text.xcconfig; name = "Pods-APIManager.release.xcconfig"; path = "Target Support Files/Pods-APIManager/Pods-APIManager.release.xcconfig"; sourceTree = "<group>"; };
/* End PBXFileReference section */

/* Begin PBXFrameworksBuildPhase section */
		1ED1DC132BC43FD500980E47 /* Frameworks */ = {
			isa = PBXFrameworksBuildPhase;
			buildActionMask = 2147483647;
			files = (
				5BBD5EF239827BD92CA45141 /* Pods_APIManager.framework in Frameworks */,
			);
			runOnlyForDeploymentPostprocessing = 0;
		};
/* End PBXFrameworksBuildPhase section */

/* Begin PBXGroup section */
		1ED1DC0D2BC43FD500980E47 = {
			isa = PBXGroup;
			children = (
				1EB2577C2BC458A4007067A6 /* README.md */,
				1ED1DC182BC43FD500980E47 /* APIManager */,
				1ED1DC172BC43FD500980E47 /* Products */,
				ED8B117C861CA4DB3772B394 /* Pods */,
				E73D08CF75CA7E2738CD0876 /* Frameworks */,
			);
			sourceTree = "<group>";
		};
		1ED1DC172BC43FD500980E47 /* Products */ = {
			isa = PBXGroup;
			children = (
				1ED1DC162BC43FD500980E47 /* APIManager.app */,
			);
			name = Products;
			sourceTree = "<group>";
		};
		1ED1DC182BC43FD500980E47 /* APIManager */ = {
			isa = PBXGroup;
			children = (
				1EB2577B2BC45555007067A6 /* Info.plist */,
				1ED1DC192BC43FD500980E47 /* APIManagerApp.swift */,
				1ED1DC1B2BC43FD500980E47 /* ContentView.swift */,
				1ED1DC2F2BC4408900980E47 /* APIManager.swift */,
				1ED1DC272BC4404C00980E47 /* TokenManager.swift */,
				1ED1DC292BC4405400980E47 /* OAuth2.swift */,
				1ED1DC2B2BC4405900980E47 /* Keychain.swift */,
				1ED1DC2D2BC4406500980E47 /* WebView.swift */,
				1ED1DC382BC44D0B00980E47 /* Views */,
				1ED1DC342BC44CF900980E47 /* Models */,
				1ED1DC1D2BC43FD600980E47 /* Assets.xcassets */,
				1ED1DC1F2BC43FD600980E47 /* Preview Content */,
			);
			path = APIManager;
			sourceTree = "<group>";
		};
		1ED1DC1F2BC43FD600980E47 /* Preview Content */ = {
			isa = PBXGroup;
			children = (
				1ED1DC202BC43FD600980E47 /* Preview Assets.xcassets */,
			);
			path = "Preview Content";
			sourceTree = "<group>";
		};
		1ED1DC342BC44CF900980E47 /* Models */ = {
			isa = PBXGroup;
			children = (
				1ED1DC332BC44CF900980E47 /* User.swift */,
				1ED1DC322BC44CF900980E47 /* ProfilePictureUrls.swift */,
				1ED1DC312BC44CF900980E47 /* HomeLanguageRead.swift */,
			);
			path = Models;
			sourceTree = "<group>";
		};
		1ED1DC382BC44D0B00980E47 /* Views */ = {
			isa = PBXGroup;
			children = (
				1ED1DC392BC44D1900980E47 /* UserView.swift */,
				1E6D89B62BCEE49100BC283E /* ErrorView.swift */,
			);
			path = Views;
			sourceTree = "<group>";
		};
		E73D08CF75CA7E2738CD0876 /* Frameworks */ = {
			isa = PBXGroup;
			children = (
				2D25FC3F84858CC5DEEFF8E0 /* Pods_APIManager.framework */,
			);
			name = Frameworks;
			sourceTree = "<group>";
		};
		ED8B117C861CA4DB3772B394 /* Pods */ = {
			isa = PBXGroup;
			children = (
				7A7D06FF97080294A910A9EE /* Pods-APIManager.debug.xcconfig */,
				A91AB3CF6329E2DFF0885772 /* Pods-APIManager.release.xcconfig */,
			);
			path = Pods;
			sourceTree = "<group>";
		};
/* End PBXGroup section */

/* Begin PBXNativeTarget section */
		1ED1DC152BC43FD500980E47 /* APIManager */ = {
			isa = PBXNativeTarget;
			buildConfigurationList = 1ED1DC242BC43FD600980E47 /* Build configuration list for PBXNativeTarget "APIManager" */;
			buildPhases = (
				19FB0C436E000F2408390E06 /* [CP] Check Pods Manifest.lock */,
				1ED1DC122BC43FD500980E47 /* Sources */,
				1ED1DC132BC43FD500980E47 /* Frameworks */,
				1ED1DC142BC43FD500980E47 /* Resources */,
				CFADD6CA2684FCCD5E66A59F /* [CP] Embed Pods Frameworks */,
			);
			buildRules = (
			);
			dependencies = (
			);
			name = APIManager;
			productName = APIManager;
			productReference = 1ED1DC162BC43FD500980E47 /* APIManager.app */;
			productType = "com.apple.product-type.application";
		};
/* End PBXNativeTarget section */

/* Begin PBXProject section */
		1ED1DC0E2BC43FD500980E47 /* Project object */ = {
			isa = PBXProject;
			attributes = {
				BuildIndependentTargetsInParallel = 1;
				LastSwiftUpdateCheck = 1530;
				LastUpgradeCheck = 1530;
				TargetAttributes = {
					1ED1DC152BC43FD500980E47 = {
						CreatedOnToolsVersion = 15.3;
					};
				};
			};
			buildConfigurationList = 1ED1DC112BC43FD500980E47 /* Build configuration list for PBXProject "APIManager" */;
			compatibilityVersion = "Xcode 14.0";
			developmentRegion = en;
			hasScannedForEncodings = 0;
			knownRegions = (
				en,
				Base,
			);
			mainGroup = 1ED1DC0D2BC43FD500980E47;
			productRefGroup = 1ED1DC172BC43FD500980E47 /* Products */;
			projectDirPath = "";
			projectRoot = "";
			targets = (
				1ED1DC152BC43FD500980E47 /* APIManager */,
			);
		};
/* End PBXProject section */

/* Begin PBXResourcesBuildPhase section */
		1ED1DC142BC43FD500980E47 /* Resources */ = {
			isa = PBXResourcesBuildPhase;
			buildActionMask = 2147483647;
			files = (
				1ED1DC212BC43FD600980E47 /* Preview Assets.xcassets in Resources */,
				1ED1DC1E2BC43FD600980E47 /* Assets.xcassets in Resources */,
			);
			runOnlyForDeploymentPostprocessing = 0;
		};
/* End PBXResourcesBuildPhase section */

/* Begin PBXShellScriptBuildPhase section */
		19FB0C436E000F2408390E06 /* [CP] Check Pods Manifest.lock */ = {
			isa = PBXShellScriptBuildPhase;
			buildActionMask = 2147483647;
			files = (
			);
			inputFileListPaths = (
			);
			inputPaths = (
				"${PODS_PODFILE_DIR_PATH}/Podfile.lock",
				"${PODS_ROOT}/Manifest.lock",
			);
			name = "[CP] Check Pods Manifest.lock";
			outputFileListPaths = (
			);
			outputPaths = (
				"$(DERIVED_FILE_DIR)/Pods-APIManager-checkManifestLockResult.txt",
			);
			runOnlyForDeploymentPostprocessing = 0;
			shellPath = /bin/sh;
			shellScript = "diff \"${PODS_PODFILE_DIR_PATH}/Podfile.lock\" \"${PODS_ROOT}/Manifest.lock\" > /dev/null\nif [ $? != 0 ] ; then\n    # print error to STDERR\n    echo \"error: The sandbox is not in sync with the Podfile.lock. Run 'pod install' or update your CocoaPods installation.\" >&2\n    exit 1\nfi\n# This output is used by Xcode 'outputs' to avoid re-running this script phase.\necho \"SUCCESS\" > \"${SCRIPT_OUTPUT_FILE_0}\"\n";
			showEnvVarsInLog = 0;
		};
		CFADD6CA2684FCCD5E66A59F /* [CP] Embed Pods Frameworks */ = {
			isa = PBXShellScriptBuildPhase;
			buildActionMask = 2147483647;
			files = (
			);
			inputFileListPaths = (
				"${PODS_ROOT}/Target Support Files/Pods-APIManager/Pods-APIManager-frameworks-${CONFIGURATION}-input-files.xcfilelist",
			);
			name = "[CP] Embed Pods Frameworks";
			outputFileListPaths = (
				"${PODS_ROOT}/Target Support Files/Pods-APIManager/Pods-APIManager-frameworks-${CONFIGURATION}-output-files.xcfilelist",
			);
			runOnlyForDeploymentPostprocessing = 0;
			shellPath = /bin/sh;
			shellScript = "\"${PODS_ROOT}/Target Support Files/Pods-APIManager/Pods-APIManager-frameworks.sh\"\n";
			showEnvVarsInLog = 0;
		};
/* End PBXShellScriptBuildPhase section */

/* Begin PBXSourcesBuildPhase section */
		1ED1DC122BC43FD500980E47 /* Sources */ = {
			isa = PBXSourcesBuildPhase;
			buildActionMask = 2147483647;
			files = (
				1ED1DC3A2BC44D1900980E47 /* UserView.swift in Sources */,
				1ED1DC1C2BC43FD500980E47 /* ContentView.swift in Sources */,
				1ED1DC282BC4404C00980E47 /* TokenManager.swift in Sources */,
				1ED1DC352BC44CF900980E47 /* HomeLanguageRead.swift in Sources */,
				1ED1DC2A2BC4405400980E47 /* OAuth2.swift in Sources */,
				1ED1DC2E2BC4406500980E47 /* WebView.swift in Sources */,
				1ED1DC362BC44CF900980E47 /* ProfilePictureUrls.swift in Sources */,
				1E6D89B72BCEE49100BC283E /* ErrorView.swift in Sources */,
				1ED1DC1A2BC43FD500980E47 /* APIManagerApp.swift in Sources */,
				1ED1DC2C2BC4405900980E47 /* Keychain.swift in Sources */,
				1ED1DC372BC44CF900980E47 /* User.swift in Sources */,
				1ED1DC302BC4408900980E47 /* APIManager.swift in Sources */,
			);
			runOnlyForDeploymentPostprocessing = 0;
		};
/* End PBXSourcesBuildPhase section */

/* Begin XCBuildConfiguration section */
		1ED1DC222BC43FD600980E47 /* Debug */ = {
			isa = XCBuildConfiguration;
			buildSettings = {
				ALWAYS_SEARCH_USER_PATHS = NO;
				ASSETCATALOG_COMPILER_GENERATE_SWIFT_ASSET_SYMBOL_EXTENSIONS = YES;
				CLANG_ANALYZER_NONNULL = YES;
				CLANG_ANALYZER_NUMBER_OBJECT_CONVERSION = YES_AGGRESSIVE;
				CLANG_CXX_LANGUAGE_STANDARD = "gnu++20";
				CLANG_ENABLE_MODULES = YES;
				CLANG_ENABLE_OBJC_ARC = YES;
				CLANG_ENABLE_OBJC_WEAK = YES;
				CLANG_WARN_BLOCK_CAPTURE_AUTORELEASING = YES;
				CLANG_WARN_BOOL_CONVERSION = YES;
				CLANG_WARN_COMMA = YES;
				CLANG_WARN_CONSTANT_CONVERSION = YES;
				CLANG_WARN_DEPRECATED_OBJC_IMPLEMENTATIONS = YES;
				CLANG_WARN_DIRECT_OBJC_ISA_USAGE = YES_ERROR;
				CLANG_WARN_DOCUMENTATION_COMMENTS = YES;
				CLANG_WARN_EMPTY_BODY = YES;
				CLANG_WARN_ENUM_CONVERSION = YES;
				CLANG_WARN_INFINITE_RECURSION = YES;
				CLANG_WARN_INT_CONVERSION = YES;
				CLANG_WARN_NON_LITERAL_NULL_CONVERSION = YES;
				CLANG_WARN_OBJC_IMPLICIT_RETAIN_SELF = YES;
				CLANG_WARN_OBJC_LITERAL_CONVERSION = YES;
				CLANG_WARN_OBJC_ROOT_CLASS = YES_ERROR;
				CLANG_WARN_QUOTED_INCLUDE_IN_FRAMEWORK_HEADER = YES;
				CLANG_WARN_RANGE_LOOP_ANALYSIS = YES;
				CLANG_WARN_STRICT_PROTOTYPES = YES;
				CLANG_WARN_SUSPICIOUS_MOVE = YES;
				CLANG_WARN_UNGUARDED_AVAILABILITY = YES_AGGRESSIVE;
				CLANG_WARN_UNREACHABLE_CODE = YES;
				CLANG_WARN__DUPLICATE_METHOD_MATCH = YES;
				COPY_PHASE_STRIP = NO;
				DEBUG_INFORMATION_FORMAT = dwarf;
				ENABLE_STRICT_OBJC_MSGSEND = YES;
				ENABLE_TESTABILITY = YES;
				ENABLE_USER_SCRIPT_SANDBOXING = YES;
				GCC_C_LANGUAGE_STANDARD = gnu17;
				GCC_DYNAMIC_NO_PIC = NO;
				GCC_NO_COMMON_BLOCKS = YES;
				GCC_OPTIMIZATION_LEVEL = 0;
				GCC_PREPROCESSOR_DEFINITIONS = (
					"DEBUG=1",
					"$(inherited)",
				);
				GCC_WARN_64_TO_32_BIT_CONVERSION = YES;
				GCC_WARN_ABOUT_RETURN_TYPE = YES_ERROR;
				GCC_WARN_UNDECLARED_SELECTOR = YES;
				GCC_WARN_UNINITIALIZED_AUTOS = YES_AGGRESSIVE;
				GCC_WARN_UNUSED_FUNCTION = YES;
				GCC_WARN_UNUSED_VARIABLE = YES;
				IPHONEOS_DEPLOYMENT_TARGET = 17.4;
				LOCALIZATION_PREFERS_STRING_CATALOGS = YES;
				MTL_ENABLE_DEBUG_INFO = INCLUDE_SOURCE;
				MTL_FAST_MATH = YES;
				ONLY_ACTIVE_ARCH = YES;
				SDKROOT = iphoneos;
				SWIFT_ACTIVE_COMPILATION_CONDITIONS = "DEBUG $(inherited)";
				SWIFT_OPTIMIZATION_LEVEL = "-Onone";
			};
			name = Debug;
		};
		1ED1DC232BC43FD600980E47 /* Release */ = {
			isa = XCBuildConfiguration;
			buildSettings = {
				ALWAYS_SEARCH_USER_PATHS = NO;
				ASSETCATALOG_COMPILER_GENERATE_SWIFT_ASSET_SYMBOL_EXTENSIONS = YES;
				CLANG_ANALYZER_NONNULL = YES;
				CLANG_ANALYZER_NUMBER_OBJECT_CONVERSION = YES_AGGRESSIVE;
				CLANG_CXX_LANGUAGE_STANDARD = "gnu++20";
				CLANG_ENABLE_MODULES = YES;
				CLANG_ENABLE_OBJC_ARC = YES;
				CLANG_ENABLE_OBJC_WEAK = YES;
				CLANG_WARN_BLOCK_CAPTURE_AUTORELEASING = YES;
				CLANG_WARN_BOOL_CONVERSION = YES;
				CLANG_WARN_COMMA = YES;
				CLANG_WARN_CONSTANT_CONVERSION = YES;
				CLANG_WARN_DEPRECATED_OBJC_IMPLEMENTATIONS = YES;
				CLANG_WARN_DIRECT_OBJC_ISA_USAGE = YES_ERROR;
				CLANG_WARN_DOCUMENTATION_COMMENTS = YES;
				CLANG_WARN_EMPTY_BODY = YES;
				CLANG_WARN_ENUM_CONVERSION = YES;
				CLANG_WARN_INFINITE_RECURSION = YES;
				CLANG_WARN_INT_CONVERSION = YES;
				CLANG_WARN_NON_LITERAL_NULL_CONVERSION = YES;
				CLANG_WARN_OBJC_IMPLICIT_RETAIN_SELF = YES;
				CLANG_WARN_OBJC_LITERAL_CONVERSION = YES;
				CLANG_WARN_OBJC_ROOT_CLASS = YES_ERROR;
				CLANG_WARN_QUOTED_INCLUDE_IN_FRAMEWORK_HEADER = YES;
				CLANG_WARN_RANGE_LOOP_ANALYSIS = YES;
				CLANG_WARN_STRICT_PROTOTYPES = YES;
				CLANG_WARN_SUSPICIOUS_MOVE = YES;
				CLANG_WARN_UNGUARDED_AVAILABILITY = YES_AGGRESSIVE;
				CLANG_WARN_UNREACHABLE_CODE = YES;
				CLANG_WARN__DUPLICATE_METHOD_MATCH = YES;
				COPY_PHASE_STRIP = NO;
				DEBUG_INFORMATION_FORMAT = "dwarf-with-dsym";
				ENABLE_NS_ASSERTIONS = NO;
				ENABLE_STRICT_OBJC_MSGSEND = YES;
				ENABLE_USER_SCRIPT_SANDBOXING = YES;
				GCC_C_LANGUAGE_STANDARD = gnu17;
				GCC_NO_COMMON_BLOCKS = YES;
				GCC_WARN_64_TO_32_BIT_CONVERSION = YES;
				GCC_WARN_ABOUT_RETURN_TYPE = YES_ERROR;
				GCC_WARN_UNDECLARED_SELECTOR = YES;
				GCC_WARN_UNINITIALIZED_AUTOS = YES_AGGRESSIVE;
				GCC_WARN_UNUSED_FUNCTION = YES;
				GCC_WARN_UNUSED_VARIABLE = YES;
				IPHONEOS_DEPLOYMENT_TARGET = 17.4;
				LOCALIZATION_PREFERS_STRING_CATALOGS = YES;
				MTL_ENABLE_DEBUG_INFO = NO;
				MTL_FAST_MATH = YES;
				SDKROOT = iphoneos;
				SWIFT_COMPILATION_MODE = wholemodule;
				VALIDATE_PRODUCT = YES;
			};
			name = Release;
		};
		1ED1DC252BC43FD600980E47 /* Debug */ = {
			isa = XCBuildConfiguration;
			baseConfigurationReference = 7A7D06FF97080294A910A9EE /* Pods-APIManager.debug.xcconfig */;
			buildSettings = {
				ASSETCATALOG_COMPILER_APPICON_NAME = AppIcon;
				ASSETCATALOG_COMPILER_GLOBAL_ACCENT_COLOR_NAME = AccentColor;
				CODE_SIGN_STYLE = Automatic;
				CURRENT_PROJECT_VERSION = 1;
				DEVELOPMENT_ASSET_PATHS = "\"APIManager/Preview Content\"";
				DEVELOPMENT_TEAM = 6U7Y4F88LS;
				ENABLE_PREVIEWS = YES;
				ENABLE_USER_SCRIPT_SANDBOXING = NO;
				GENERATE_INFOPLIST_FILE = YES;
				INFOPLIST_FILE = APIManager/Info.plist;
				INFOPLIST_KEY_UIApplicationSceneManifest_Generation = YES;
				INFOPLIST_KEY_UIApplicationSupportsIndirectInputEvents = YES;
				INFOPLIST_KEY_UILaunchScreen_Generation = YES;
				INFOPLIST_KEY_UISupportedInterfaceOrientations_iPad = "UIInterfaceOrientationPortrait UIInterfaceOrientationPortraitUpsideDown UIInterfaceOrientationLandscapeLeft UIInterfaceOrientationLandscapeRight";
				INFOPLIST_KEY_UISupportedInterfaceOrientations_iPhone = "UIInterfaceOrientationPortrait UIInterfaceOrientationLandscapeLeft UIInterfaceOrientationLandscapeRight";
				LD_RUNPATH_SEARCH_PATHS = (
					"$(inherited)",
					"@executable_path/Frameworks",
				);
				MARKETING_VERSION = 1.0;
				PRODUCT_BUNDLE_IDENTIFIER = "org.groton.swift-examples.APIManager";
				PRODUCT_NAME = "$(TARGET_NAME)";
				SWIFT_EMIT_LOC_STRINGS = YES;
				SWIFT_VERSION = 5.0;
				TARGETED_DEVICE_FAMILY = "1,2";
			};
			name = Debug;
		};
		1ED1DC262BC43FD600980E47 /* Release */ = {
			isa = XCBuildConfiguration;
			baseConfigurationReference = A91AB3CF6329E2DFF0885772 /* Pods-APIManager.release.xcconfig */;
			buildSettings = {
				ASSETCATALOG_COMPILER_APPICON_NAME = AppIcon;
				ASSETCATALOG_COMPILER_GLOBAL_ACCENT_COLOR_NAME = AccentColor;
				CODE_SIGN_STYLE = Automatic;
				CURRENT_PROJECT_VERSION = 1;
				DEVELOPMENT_ASSET_PATHS = "\"APIManager/Preview Content\"";
				DEVELOPMENT_TEAM = 6U7Y4F88LS;
				ENABLE_PREVIEWS = YES;
				ENABLE_USER_SCRIPT_SANDBOXING = NO;
				GENERATE_INFOPLIST_FILE = YES;
				INFOPLIST_FILE = APIManager/Info.plist;
				INFOPLIST_KEY_UIApplicationSceneManifest_Generation = YES;
				INFOPLIST_KEY_UIApplicationSupportsIndirectInputEvents = YES;
				INFOPLIST_KEY_UILaunchScreen_Generation = YES;
				INFOPLIST_KEY_UISupportedInterfaceOrientations_iPad = "UIInterfaceOrientationPortrait UIInterfaceOrientationPortraitUpsideDown UIInterfaceOrientationLandscapeLeft UIInterfaceOrientationLandscapeRight";
				INFOPLIST_KEY_UISupportedInterfaceOrientations_iPhone = "UIInterfaceOrientationPortrait UIInterfaceOrientationLandscapeLeft UIInterfaceOrientationLandscapeRight";
				LD_RUNPATH_SEARCH_PATHS = (
					"$(inherited)",
					"@executable_path/Frameworks",
				);
				MARKETING_VERSION = 1.0;
				PRODUCT_BUNDLE_IDENTIFIER = "org.groton.swift-examples.APIManager";
				PRODUCT_NAME = "$(TARGET_NAME)";
				SWIFT_EMIT_LOC_STRINGS = YES;
				SWIFT_VERSION = 5.0;
				TARGETED_DEVICE_FAMILY = "1,2";
			};
			name = Release;
		};
/* End XCBuildConfiguration section */

/* Begin XCConfigurationList section */
		1ED1DC112BC43FD500980E47 /* Build configuration list for PBXProject "APIManager" */ = {
			isa = XCConfigurationList;
			buildConfigurations = (
				1ED1DC222BC43FD600980E47 /* Debug */,
				1ED1DC232BC43FD600980E47 /* Release */,
			);
			defaultConfigurationIsVisible = 0;
			defaultConfigurationName = Release;
		};
		1ED1DC242BC43FD600980E47 /* Build configuration list for PBXNativeTarget "APIManager" */ = {
			isa = XCConfigurationList;
			buildConfigurations = (
				1ED1DC252BC43FD600980E47 /* Debug */,
				1ED1DC262BC43FD600980E47 /* Release */,
			);
			defaultConfigurationIsVisible = 0;
			defaultConfigurationName = Release;
		};
/* End XCConfigurationList section */
	};
	rootObject = 1ED1DC0E2BC43FD500980E47 /* Project object */;
}
